
Microsoft Visual Studio Solution File, Format Version 12.00
# Visual Studio 14
VisualStudioVersion = 14.0.24720.0
MinimumVisualStudioVersion = 10.0.40219.1
Project("{FAE04EC0-301F-11D3-BF4B-00C04F79EFBC}") = "Part01.SimpleConfiguration", "Part01.SimpleConfiguration\Part01.SimpleConfiguration.csproj", "{03C1961F-26E5-4EED-9D71-08AAFA3B78FF}"
EndProject
Project("{FAE04EC0-301F-11D3-BF4B-00C04F79EFBC}") = "Part02.ArrayConfiguration", "Part02.ArrayConfiguration\Part02.ArrayConfiguration.csproj", "{E485813E-F702-463B-A183-04F8B4B5C376}"
EndProject
Project("{FAE04EC0-301F-11D3-BF4B-00C04F79EFBC}") = "Part03.DictionaryConfiguration", "Part03.DictionaryConfiguration\Part03.DictionaryConfiguration.csproj", "{2D54F564-CB6A-44ED-8914-8AA44271AA4E}"
EndProject
Project("{FAE04EC0-301F-11D3-BF4B-00C04F79EFBC}") = "Part04.SwitchingConfigurations", "Part04.SwitchingConfigurations\Part04.SwitchingConfigurations.csproj", "{88A86780-C653-495A-8A6F-DD627475371C}"
EndProject
Project("{FAE04EC0-301F-11D3-BF4B-00C04F79EFBC}") = "Part05.ConfigurationParameters", "Part05.ConfigurationParameters\Part05.ConfigurationParameters.csproj", "{2C678882-3094-4109-8A6C-1FB6FA001657}"
EndProject
Project("{FAE04EC0-301F-11D3-BF4B-00C04F79EFBC}") = "Part06.SwitchingBetweenLifestyles", "Part06.SwitchingBetweenLifestyles\Part06.SwitchingBetweenLifestyles.csproj", "{418CF11D-5952-487F-8D0F-8868210D0337}"
EndProject
Project("{FAE04EC0-301F-11D3-BF4B-00C04F79EFBC}") = "Part07.SwitchingImplementations", "Part07.SwitchingImplementations\Part07.SwitchingImplementations.csproj", "{1503C4F9-32F3-479A-9768-97AE2D776D6F}"
EndProject
Project("{FAE04EC0-301F-11D3-BF4B-00C04F79EFBC}") = "Part08.ReferencingImplementationsByKey", "Part08.ReferencingImplementationsByKey\Part08.ReferencingImplementationsByKey.csproj", "{8C1F1317-2A07-4868-9A2E-A279214A2DEB}"
EndProject
Project("{FAE04EC0-301F-11D3-BF4B-00C04F79EFBC}") = "Part09.ConstructorInjection", "Part09.ConstructorInjection\Part09.ConstructorInjection.csproj", "{78CFC742-C41A-4D42-B3BD-CB1792490F15}"
EndProject
Project("{FAE04EC0-301F-11D3-BF4B-00C04F79EFBC}") = "Part10.SetterInjection", "Part10.SetterInjection\Part10.SetterInjection.csproj", "{5C1252B7-1B7E-48A3-928A-0ED77C3A2B9D}"
EndProject
Project("{FAE04EC0-301F-11D3-BF4B-00C04F79EFBC}") = "Part11.StartableFacility", "Part11.StartableFacility\Part11.StartableFacility.csproj", "{8E02F1CE-ABAA-4410-AE3C-6D05F24CC1E6}"
EndProject
Project("{FAE04EC0-301F-11D3-BF4B-00C04F79EFBC}") = "Part12.FluntAPI", "Part12.FluntAPI\Part12.FluntAPI.csproj", "{BEC115AA-674D-499D-B4A3-7B248D39350D}"
EndProject
Project("{FAE04EC0-301F-11D3-BF4B-00C04F79EFBC}") = "Part13.DynamicProxy", "Part13.DynamicProxy\Part13.DynamicProxy.csproj", "{344AAF45-E217-493B-8FE6-9C0E6EDE1452}"
EndProject
Global
	GlobalSection(SolutionConfigurationPlatforms) = preSolution
		Debug|Any CPU = Debug|Any CPU
		Release|Any CPU = Release|Any CPU
	EndGlobalSection
	GlobalSection(ProjectConfigurationPlatforms) = postSolution
		{03C1961F-26E5-4EED-9D71-08AAFA3B78FF}.Debug|Any CPU.ActiveCfg = Debug|Any CPU
		{03C1961F-26E5-4EED-9D71-08AAFA3B78FF}.Debug|Any CPU.Build.0 = Debug|Any CPU
		{03C1961F-26E5-4EED-9D71-08AAFA3B78FF}.Release|Any CPU.ActiveCfg = Release|Any CPU
		{03C1961F-26E5-4EED-9D71-08AAFA3B78FF}.Release|Any CPU.Build.0 = Release|Any CPU
		{E485813E-F702-463B-A183-04F8B4B5C376}.Debug|Any CPU.ActiveCfg = Debug|Any CPU
		{E485813E-F702-463B-A183-04F8B4B5C376}.Debug|Any CPU.Build.0 = Debug|Any CPU
		{E485813E-F702-463B-A183-04F8B4B5C376}.Release|Any CPU.ActiveCfg = Release|Any CPU
		{E485813E-F702-463B-A183-04F8B4B5C376}.Release|Any CPU.Build.0 = Release|Any CPU
		{2D54F564-CB6A-44ED-8914-8AA44271AA4E}.Debug|Any CPU.ActiveCfg = Debug|Any CPU
		{2D54F564-CB6A-44ED-8914-8AA44271AA4E}.Debug|Any CPU.Build.0 = Debug|Any CPU
		{2D54F564-CB6A-44ED-8914-8AA44271AA4E}.Release|Any CPU.ActiveCfg = Release|Any CPU
		{2D54F564-CB6A-44ED-8914-8AA44271AA4E}.Release|Any CPU.Build.0 = Release|Any CPU
		{88A86780-C653-495A-8A6F-DD627475371C}.Debug|Any CPU.ActiveCfg = Debug|Any CPU
		{88A86780-C653-495A-8A6F-DD627475371C}.Debug|Any CPU.Build.0 = Debug|Any CPU
		{88A86780-C653-495A-8A6F-DD627475371C}.Release|Any CPU.ActiveCfg = Release|Any CPU
		{88A86780-C653-495A-8A6F-DD627475371C}.Release|Any CPU.Build.0 = Release|Any CPU
		{2C678882-3094-4109-8A6C-1FB6FA001657}.Debug|Any CPU.ActiveCfg = Debug|Any CPU
		{2C678882-3094-4109-8A6C-1FB6FA001657}.Debug|Any CPU.Build.0 = Debug|Any CPU
		{2C678882-3094-4109-8A6C-1FB6FA001657}.Release|Any CPU.ActiveCfg = Release|Any CPU
		{2C678882-3094-4109-8A6C-1FB6FA001657}.Release|Any CPU.Build.0 = Release|Any CPU
		{418CF11D-5952-487F-8D0F-8868210D0337}.Debug|Any CPU.ActiveCfg = Debug|Any CPU
		{418CF11D-5952-487F-8D0F-8868210D0337}.Debug|Any CPU.Build.0 = Debug|Any CPU
		{418CF11D-5952-487F-8D0F-8868210D0337}.Release|Any CPU.ActiveCfg = Release|Any CPU
		{418CF11D-5952-487F-8D0F-8868210D0337}.Release|Any CPU.Build.0 = Release|Any CPU
		{1503C4F9-32F3-479A-9768-97AE2D776D6F}.Debug|Any CPU.ActiveCfg = Debug|Any CPU
		{1503C4F9-32F3-479A-9768-97AE2D776D6F}.Debug|Any CPU.Build.0 = Debug|Any CPU
		{1503C4F9-32F3-479A-9768-97AE2D776D6F}.Release|Any CPU.ActiveCfg = Release|Any CPU
		{1503C4F9-32F3-479A-9768-97AE2D776D6F}.Release|Any CPU.Build.0 = Release|Any CPU
		{8C1F1317-2A07-4868-9A2E-A279214A2DEB}.Debug|Any CPU.ActiveCfg = Debug|Any CPU
		{8C1F1317-2A07-4868-9A2E-A279214A2DEB}.Debug|Any CPU.Build.0 = Debug|Any CPU
		{8C1F1317-2A07-4868-9A2E-A279214A2DEB}.Release|Any CPU.ActiveCfg = Release|Any CPU
		{8C1F1317-2A07-4868-9A2E-A279214A2DEB}.Release|Any CPU.Build.0 = Release|Any CPU
		{78CFC742-C41A-4D42-B3BD-CB1792490F15}.Debug|Any CPU.ActiveCfg = Debug|Any CPU
		{78CFC742-C41A-4D42-B3BD-CB1792490F15}.Debug|Any CPU.Build.0 = Debug|Any CPU
		{78CFC742-C41A-4D42-B3BD-CB1792490F15}.Release|Any CPU.ActiveCfg = Release|Any CPU
		{78CFC742-C41A-4D42-B3BD-CB1792490F15}.Release|Any CPU.Build.0 = Release|Any CPU
		{5C1252B7-1B7E-48A3-928A-0ED77C3A2B9D}.Debug|Any CPU.ActiveCfg = Debug|Any CPU
		{5C1252B7-1B7E-48A3-928A-0ED77C3A2B9D}.Debug|Any CPU.Build.0 = Debug|Any CPU
		{5C1252B7-1B7E-48A3-928A-0ED77C3A2B9D}.Release|Any CPU.ActiveCfg = Release|Any CPU
		{5C1252B7-1B7E-48A3-928A-0ED77C3A2B9D}.Release|Any CPU.Build.0 = Release|Any CPU
		{8E02F1CE-ABAA-4410-AE3C-6D05F24CC1E6}.Debug|Any CPU.ActiveCfg = Debug|Any CPU
		{8E02F1CE-ABAA-4410-AE3C-6D05F24CC1E6}.Debug|Any CPU.Build.0 = Debug|Any CPU
		{8E02F1CE-ABAA-4410-AE3C-6D05F24CC1E6}.Release|Any CPU.ActiveCfg = Release|Any CPU
		{8E02F1CE-ABAA-4410-AE3C-6D05F24CC1E6}.Release|Any CPU.Build.0 = Release|Any CPU
		{BEC115AA-674D-499D-B4A3-7B248D39350D}.Debug|Any CPU.ActiveCfg = Debug|Any CPU
		{BEC115AA-674D-499D-B4A3-7B248D39350D}.Debug|Any CPU.Build.0 = Debug|Any CPU
		{BEC115AA-674D-499D-B4A3-7B248D39350D}.Release|Any CPU.ActiveCfg = Release|Any CPU
		{BEC115AA-674D-499D-B4A3-7B248D39350D}.Release|Any CPU.Build.0 = Release|Any CPU
		{344AAF45-E217-493B-8FE6-9C0E6EDE1452}.Debug|Any CPU.ActiveCfg = Debug|Any CPU
		{344AAF45-E217-493B-8FE6-9C0E6EDE1452}.Debug|Any CPU.Build.0 = Debug|Any CPU
		{344AAF45-E217-493B-8FE6-9C0E6EDE1452}.Release|Any CPU.ActiveCfg = Release|Any CPU
		{344AAF45-E217-493B-8FE6-9C0E6EDE1452}.Release|Any CPU.Build.0 = Release|Any CPU
	EndGlobalSection
	GlobalSection(SolutionProperties) = preSolution
		HideSolutionNode = FALSE
	EndGlobalSection
EndGlobal
